
Microsoft Visual Studio Solution File, Format Version 12.00
# Visual Studio 15
Project("{FAE04EC0-301F-11D3-BF4B-00C04F79EFBC}") = "Assembly-CSharp", "Assembly-CSharp.csproj", "{FB44A053-09A6-E25D-3209-0A40834179B3}"
EndProject
Project("{FAE04EC0-301F-11D3-BF4B-00C04F79EFBC}") = "Oculus.VR", "Oculus.VR.csproj", "{C0A10298-8943-EE59-B9E4-D38158F6A854}"
EndProject
Project("{FAE04EC0-301F-11D3-BF4B-00C04F79EFBC}") = "Assembly-CSharp-Editor", "Assembly-CSharp-Editor.csproj", "{1E188856-6D82-50E6-710E-E1BB515EE908}"
EndProject
Project("{FAE04EC0-301F-11D3-BF4B-00C04F79EFBC}") = "Oculus.VR.Scripts.Editor", "Oculus.VR.Scripts.Editor.csproj", "{AC5C8CE2-E1CB-358F-ED3E-E835BB483B5B}"
EndProject
Project("{FAE04EC0-301F-11D3-BF4B-00C04F79EFBC}") = "Oculus.VR.Editor", "Oculus.VR.Editor.csproj", "{C34D3BF1-C2C0-0B64-F1C7-20A6BB145F4D}"
EndProject
Global
	GlobalSection(SolutionConfigurationPlatforms) = preSolution
		Debug|Any CPU = Debug|Any CPU
		Release|Any CPU = Release|Any CPU
	EndGlobalSection
	GlobalSection(ProjectConfigurationPlatforms) = postSolution
		{FB44A053-09A6-E25D-3209-0A40834179B3}.Debug|Any CPU.ActiveCfg = Debug|Any CPU
		{FB44A053-09A6-E25D-3209-0A40834179B3}.Debug|Any CPU.Build.0 = Debug|Any CPU
		{FB44A053-09A6-E25D-3209-0A40834179B3}.Release|Any CPU.ActiveCfg = Release|Any CPU
		{FB44A053-09A6-E25D-3209-0A40834179B3}.Release|Any CPU.Build.0 = Release|Any CPU
		{C0A10298-8943-EE59-B9E4-D38158F6A854}.Debug|Any CPU.ActiveCfg = Debug|Any CPU
		{C0A10298-8943-EE59-B9E4-D38158F6A854}.Debug|Any CPU.Build.0 = Debug|Any CPU
		{C0A10298-8943-EE59-B9E4-D38158F6A854}.Release|Any CPU.ActiveCfg = Release|Any CPU
		{C0A10298-8943-EE59-B9E4-D38158F6A854}.Release|Any CPU.Build.0 = Release|Any CPU
		{1E188856-6D82-50E6-710E-E1BB515EE908}.Debug|Any CPU.ActiveCfg = Debug|Any CPU
		{1E188856-6D82-50E6-710E-E1BB515EE908}.Debug|Any CPU.Build.0 = Debug|Any CPU
		{1E188856-6D82-50E6-710E-E1BB515EE908}.Release|Any CPU.ActiveCfg = Release|Any CPU
		{1E188856-6D82-50E6-710E-E1BB515EE908}.Release|Any CPU.Build.0 = Release|Any CPU
		{AC5C8CE2-E1CB-358F-ED3E-E835BB483B5B}.Debug|Any CPU.ActiveCfg = Debug|Any CPU
		{AC5C8CE2-E1CB-358F-ED3E-E835BB483B5B}.Debug|Any CPU.Build.0 = Debug|Any CPU
		{AC5C8CE2-E1CB-358F-ED3E-E835BB483B5B}.Release|Any CPU.ActiveCfg = Release|Any CPU
		{AC5C8CE2-E1CB-358F-ED3E-E835BB483B5B}.Release|Any CPU.Build.0 = Release|Any CPU
		{C34D3BF1-C2C0-0B64-F1C7-20A6BB145F4D}.Debug|Any CPU.ActiveCfg = Debug|Any CPU
		{C34D3BF1-C2C0-0B64-F1C7-20A6BB145F4D}.Debug|Any CPU.Build.0 = Debug|Any CPU
		{C34D3BF1-C2C0-0B64-F1C7-20A6BB145F4D}.Release|Any CPU.ActiveCfg = Release|Any CPU
		{C34D3BF1-C2C0-0B64-F1C7-20A6BB145F4D}.Release|Any CPU.Build.0 = Release|Any CPU
	EndGlobalSection
	GlobalSection(SolutionProperties) = preSolution
		HideSolutionNode = FALSE
	EndGlobalSection
EndGlobal
